
Microsoft Visual Studio Solution File, Format Version 11.00
# Visual Studio 2010
Project("{FAE04EC0-301F-11D3-BF4B-00C04F79EFBC}") = "Assembly-CSharp", "Assembly-CSharp.csproj", "{281049ff-4f40-4fff-b7a9-054abe3883d6}"
EndProject
Project("{FAE04EC0-301F-11D3-BF4B-00C04F79EFBC}") = "Assembly-CSharp-Editor", "Assembly-CSharp-Editor.csproj", "{9affa4d1-8061-3cb0-33b0-4c8fc11c13be}"
EndProject
Global
	GlobalSection(SolutionConfigurationPlatforms) = preSolution
		Debug|Any CPU = Debug|Any CPU
	EndGlobalSection
	GlobalSection(ProjectConfigurationPlatforms) = postSolution
		{281049ff-4f40-4fff-b7a9-054abe3883d6}.Debug|Any CPU.ActiveCfg = Debug|Any CPU
		{281049ff-4f40-4fff-b7a9-054abe3883d6}.Debug|Any CPU.Build.0 = Debug|Any CPU
		{9affa4d1-8061-3cb0-33b0-4c8fc11c13be}.Debug|Any CPU.ActiveCfg = Debug|Any CPU
		{9affa4d1-8061-3cb0-33b0-4c8fc11c13be}.Debug|Any CPU.Build.0 = Debug|Any CPU
	EndGlobalSection
	GlobalSection(SolutionProperties) = preSolution
		HideSolutionNode = FALSE
	EndGlobalSection
EndGlobal
